
Microsoft Visual Studio Solution File, Format Version 12.00
# Visual Studio 2012
Project("{FAE04EC0-301F-11D3-BF4B-00C04F79EFBC}") = "TestSocket", "TestSocket.csproj", "{ACA2A59B-FEBF-4A2E-80C0-207BC07A45CA}"
EndProject
Global
	GlobalSection(SolutionConfigurationPlatforms) = preSolution
		Debug|Any CPU = Debug|Any CPU
		Release|Any CPU = Release|Any CPU
	EndGlobalSection
	GlobalSection(ProjectConfigurationPlatforms) = postSolution
		{ACA2A59B-FEBF-4A2E-80C0-207BC07A45CA}.Debug|Any CPU.ActiveCfg = Debug|Any CPU
		{ACA2A59B-FEBF-4A2E-80C0-207BC07A45CA}.Debug|Any CPU.Build.0 = Debug|Any CPU
		{ACA2A59B-FEBF-4A2E-80C0-207BC07A45CA}.Release|Any CPU.ActiveCfg = Release|Any CPU
		{ACA2A59B-FEBF-4A2E-80C0-207BC07A45CA}.Release|Any CPU.Build.0 = Release|Any CPU
	EndGlobalSection
	GlobalSection(SolutionProperties) = preSolution
		HideSolutionNode = FALSE
	EndGlobalSection
EndGlobal
